
Microsoft Visual Studio Solution File, Format Version 12.00
# Visual Studio Version 17
VisualStudioVersion = 17.3.32804.467
MinimumVisualStudioVersion = 10.0.40219.1
Project("{FAE04EC0-301F-11D3-BF4B-00C04F79EFBC}") = "SistemaTarefas", "SistemaTarefas\SistemaTarefas.csproj", "{CBD28358-B04D-4747-8E1F-00858C899856}"
EndProject
Global
	GlobalSection(SolutionConfigurationPlatforms) = preSolution
		Debug|Any CPU = Debug|Any CPU
		Release|Any CPU = Release|Any CPU
	EndGlobalSection
	GlobalSection(ProjectConfigurationPlatforms) = postSolution
		{CBD28358-B04D-4747-8E1F-00858C899856}.Debug|Any CPU.ActiveCfg = Debug|Any CPU
		{CBD28358-B04D-4747-8E1F-00858C899856}.Debug|Any CPU.Build.0 = Debug|Any CPU
		{CBD28358-B04D-4747-8E1F-00858C899856}.Release|Any CPU.ActiveCfg = Release|Any CPU
		{CBD28358-B04D-4747-8E1F-00858C899856}.Release|Any CPU.Build.0 = Release|Any CPU
	EndGlobalSection
	GlobalSection(SolutionProperties) = preSolution
		HideSolutionNode = FALSE
	EndGlobalSection
	GlobalSection(ExtensibilityGlobals) = postSolution
		SolutionGuid = {87BBEEC1-081C-42A3-BD0E-1C61FB4B8F77}
	EndGlobalSection
EndGlobal
